// !$*UTF8*$!
{
	archiveVersion = 1;
	classes = {
	};
	objectVersion = 50;
	objects = {

/* Begin PBXBuildFile section */
		D6943BD43B357C79A3EE551F /* libPods-dog-ios.a in Frameworks */ = {isa = PBXBuildFile; fileRef = 878996C81DB7AE324026A95D /* libPods-dog-ios.a */; };
		E0E046402233EB6F002013C1 /* AppDelegate.swift in Sources */ = {isa = PBXBuildFile; fileRef = E0E0463F2233EB6F002013C1 /* AppDelegate.swift */; };
		E0E046422233EB6F002013C1 /* BreedListViewController.swift in Sources */ = {isa = PBXBuildFile; fileRef = E0E046412233EB6F002013C1 /* BreedListViewController.swift */; };
		E0E046452233EB6F002013C1 /* Main.storyboard in Resources */ = {isa = PBXBuildFile; fileRef = E0E046432233EB6F002013C1 /* Main.storyboard */; };
		E0E046472233EB70002013C1 /* Assets.xcassets in Resources */ = {isa = PBXBuildFile; fileRef = E0E046462233EB70002013C1 /* Assets.xcassets */; };
		E0E0464A2233EB70002013C1 /* LaunchScreen.storyboard in Resources */ = {isa = PBXBuildFile; fileRef = E0E046482233EB70002013C1 /* LaunchScreen.storyboard */; };
		E0E046552233EB70002013C1 /* dog_iosTests.swift in Sources */ = {isa = PBXBuildFile; fileRef = E0E046542233EB70002013C1 /* dog_iosTests.swift */; };
		E0E046602233F029002013C1 /* DogService.swift in Sources */ = {isa = PBXBuildFile; fileRef = E0E0465F2233F029002013C1 /* DogService.swift */; };
		E0E046622233F209002013C1 /* Breed.swift in Sources */ = {isa = PBXBuildFile; fileRef = E0E046612233F209002013C1 /* Breed.swift */; };
		E0F65742223424900067B02D /* BreedListViewModel.swift in Sources */ = {isa = PBXBuildFile; fileRef = E0F65741223424900067B02D /* BreedListViewModel.swift */; };
/* End PBXBuildFile section */

/* Begin PBXContainerItemProxy section */
		E0E046512233EB70002013C1 /* PBXContainerItemProxy */ = {
			isa = PBXContainerItemProxy;
			containerPortal = E0E046342233EB6F002013C1 /* Project object */;
			proxyType = 1;
			remoteGlobalIDString = E0E0463B2233EB6F002013C1;
			remoteInfo = "dog-ios";
		};
/* End PBXContainerItemProxy section */

/* Begin PBXFileReference section */
		2D5A64D6C85BC5E1AC6802BC /* Pods-dog-ios.debug.xcconfig */ = {isa = PBXFileReference; includeInIndex = 1; lastKnownFileType = text.xcconfig; name = "Pods-dog-ios.debug.xcconfig"; path = "Target Support Files/Pods-dog-ios/Pods-dog-ios.debug.xcconfig"; sourceTree = "<group>"; };
		62E98EAD46297C9EFB225D85 /* Pods-dog-ios.release.xcconfig */ = {isa = PBXFileReference; includeInIndex = 1; lastKnownFileType = text.xcconfig; name = "Pods-dog-ios.release.xcconfig"; path = "Target Support Files/Pods-dog-ios/Pods-dog-ios.release.xcconfig"; sourceTree = "<group>"; };
		878996C81DB7AE324026A95D /* libPods-dog-ios.a */ = {isa = PBXFileReference; explicitFileType = archive.ar; includeInIndex = 0; path = "libPods-dog-ios.a"; sourceTree = BUILT_PRODUCTS_DIR; };
		E0E0463C2233EB6F002013C1 /* dog-ios.app */ = {isa = PBXFileReference; explicitFileType = wrapper.application; includeInIndex = 0; path = "dog-ios.app"; sourceTree = BUILT_PRODUCTS_DIR; };
		E0E0463F2233EB6F002013C1 /* AppDelegate.swift */ = {isa = PBXFileReference; lastKnownFileType = sourcecode.swift; path = AppDelegate.swift; sourceTree = "<group>"; };
		E0E046412233EB6F002013C1 /* BreedListViewController.swift */ = {isa = PBXFileReference; lastKnownFileType = sourcecode.swift; path = BreedListViewController.swift; sourceTree = "<group>"; };
		E0E046442233EB6F002013C1 /* Base */ = {isa = PBXFileReference; lastKnownFileType = file.storyboard; name = Base; path = Base.lproj/Main.storyboard; sourceTree = "<group>"; };
		E0E046462233EB70002013C1 /* Assets.xcassets */ = {isa = PBXFileReference; lastKnownFileType = folder.assetcatalog; path = Assets.xcassets; sourceTree = "<group>"; };
		E0E046492233EB70002013C1 /* Base */ = {isa = PBXFileReference; lastKnownFileType = file.storyboard; name = Base; path = Base.lproj/LaunchScreen.storyboard; sourceTree = "<group>"; };
		E0E0464B2233EB70002013C1 /* Info.plist */ = {isa = PBXFileReference; lastKnownFileType = text.plist.xml; path = Info.plist; sourceTree = "<group>"; };
		E0E046502233EB70002013C1 /* dog-iosTests.xctest */ = {isa = PBXFileReference; explicitFileType = wrapper.cfbundle; includeInIndex = 0; path = "dog-iosTests.xctest"; sourceTree = BUILT_PRODUCTS_DIR; };
		E0E046542233EB70002013C1 /* dog_iosTests.swift */ = {isa = PBXFileReference; lastKnownFileType = sourcecode.swift; path = dog_iosTests.swift; sourceTree = "<group>"; };
		E0E046562233EB70002013C1 /* Info.plist */ = {isa = PBXFileReference; lastKnownFileType = text.plist.xml; path = Info.plist; sourceTree = "<group>"; };
		E0E0465F2233F029002013C1 /* DogService.swift */ = {isa = PBXFileReference; lastKnownFileType = sourcecode.swift; path = DogService.swift; sourceTree = "<group>"; };
		E0E046612233F209002013C1 /* Breed.swift */ = {isa = PBXFileReference; lastKnownFileType = sourcecode.swift; path = Breed.swift; sourceTree = "<group>"; };
		E0F65741223424900067B02D /* BreedListViewModel.swift */ = {isa = PBXFileReference; lastKnownFileType = sourcecode.swift; path = BreedListViewModel.swift; sourceTree = "<group>"; };
/* End PBXFileReference section */

/* Begin PBXFrameworksBuildPhase section */
		E0E046392233EB6F002013C1 /* Frameworks */ = {
			isa = PBXFrameworksBuildPhase;
			buildActionMask = 2147483647;
			files = (
				D6943BD43B357C79A3EE551F /* libPods-dog-ios.a in Frameworks */,
			);
			runOnlyForDeploymentPostprocessing = 0;
		};
		E0E0464D2233EB70002013C1 /* Frameworks */ = {
			isa = PBXFrameworksBuildPhase;
			buildActionMask = 2147483647;
			files = (
			);
			runOnlyForDeploymentPostprocessing = 0;
		};
/* End PBXFrameworksBuildPhase section */

/* Begin PBXGroup section */
		0136D786076DD9BD8A30EAF9 /* Pods */ = {
			isa = PBXGroup;
			children = (
				2D5A64D6C85BC5E1AC6802BC /* Pods-dog-ios.debug.xcconfig */,
				62E98EAD46297C9EFB225D85 /* Pods-dog-ios.release.xcconfig */,
			);
			path = Pods;
			sourceTree = "<group>";
		};
		E0E046332233EB6F002013C1 = {
			isa = PBXGroup;
			children = (
				E0E0463E2233EB6F002013C1 /* dog-ios */,
				E0E046532233EB70002013C1 /* dog-iosTests */,
				E0E0463D2233EB6F002013C1 /* Products */,
				0136D786076DD9BD8A30EAF9 /* Pods */,
				E4FD6E427DCF0114B5F945AC /* Frameworks */,
			);
			sourceTree = "<group>";
		};
		E0E0463D2233EB6F002013C1 /* Products */ = {
			isa = PBXGroup;
			children = (
				E0E0463C2233EB6F002013C1 /* dog-ios.app */,
				E0E046502233EB70002013C1 /* dog-iosTests.xctest */,
			);
			name = Products;
			sourceTree = "<group>";
		};
		E0E0463E2233EB6F002013C1 /* dog-ios */ = {
			isa = PBXGroup;
			children = (
				E0E0463F2233EB6F002013C1 /* AppDelegate.swift */,
				E0E046412233EB6F002013C1 /* BreedListViewController.swift */,
				E0F65741223424900067B02D /* BreedListViewModel.swift */,
				E0E046432233EB6F002013C1 /* Main.storyboard */,
				E0E046462233EB70002013C1 /* Assets.xcassets */,
				E0E046482233EB70002013C1 /* LaunchScreen.storyboard */,
				E0E0464B2233EB70002013C1 /* Info.plist */,
				E0E0465F2233F029002013C1 /* DogService.swift */,
				E0E046612233F209002013C1 /* Breed.swift */,
			);
			path = "dog-ios";
			sourceTree = "<group>";
		};
		E0E046532233EB70002013C1 /* dog-iosTests */ = {
			isa = PBXGroup;
			children = (
				E0E046542233EB70002013C1 /* dog_iosTests.swift */,
				E0E046562233EB70002013C1 /* Info.plist */,
			);
			path = "dog-iosTests";
			sourceTree = "<group>";
		};
		E4FD6E427DCF0114B5F945AC /* Frameworks */ = {
			isa = PBXGroup;
			children = (
				878996C81DB7AE324026A95D /* libPods-dog-ios.a */,
			);
			name = Frameworks;
			sourceTree = "<group>";
		};
/* End PBXGroup section */

/* Begin PBXNativeTarget section */
		E0E0463B2233EB6F002013C1 /* dog-ios */ = {
			isa = PBXNativeTarget;
			buildConfigurationList = E0E046592233EB70002013C1 /* Build configuration list for PBXNativeTarget "dog-ios" */;
			buildPhases = (
				6B18E53D51E09756B8A65AF2 /* [CP] Check Pods Manifest.lock */,
				E0E046382233EB6F002013C1 /* Sources */,
				E0E046392233EB6F002013C1 /* Frameworks */,
				E0E0463A2233EB6F002013C1 /* Resources */,
			);
			buildRules = (
			);
			dependencies = (
			);
			name = "dog-ios";
			productName = "dog-ios";
			productReference = E0E0463C2233EB6F002013C1 /* dog-ios.app */;
			productType = "com.apple.product-type.application";
		};
		E0E0464F2233EB70002013C1 /* dog-iosTests */ = {
			isa = PBXNativeTarget;
			buildConfigurationList = E0E0465C2233EB70002013C1 /* Build configuration list for PBXNativeTarget "dog-iosTests" */;
			buildPhases = (
				E0E0464C2233EB70002013C1 /* Sources */,
				E0E0464D2233EB70002013C1 /* Frameworks */,
				E0E0464E2233EB70002013C1 /* Resources */,
			);
			buildRules = (
			);
			dependencies = (
				E0E046522233EB70002013C1 /* PBXTargetDependency */,
			);
			name = "dog-iosTests";
			productName = "dog-iosTests";
			productReference = E0E046502233EB70002013C1 /* dog-iosTests.xctest */;
			productType = "com.apple.product-type.bundle.unit-test";
		};
/* End PBXNativeTarget section */

/* Begin PBXProject section */
		E0E046342233EB6F002013C1 /* Project object */ = {
			isa = PBXProject;
			attributes = {
				LastSwiftUpdateCheck = 1010;
				LastUpgradeCheck = 1010;
				ORGANIZATIONNAME = Asif;
				TargetAttributes = {
					E0E0463B2233EB6F002013C1 = {
						CreatedOnToolsVersion = 10.1;
					};
					E0E0464F2233EB70002013C1 = {
						CreatedOnToolsVersion = 10.1;
						TestTargetID = E0E0463B2233EB6F002013C1;
					};
				};
			};
			buildConfigurationList = E0E046372233EB6F002013C1 /* Build configuration list for PBXProject "dog-ios" */;
			compatibilityVersion = "Xcode 9.3";
			developmentRegion = en;
			hasScannedForEncodings = 0;
			knownRegions = (
				en,
				Base,
			);
			mainGroup = E0E046332233EB6F002013C1;
			productRefGroup = E0E0463D2233EB6F002013C1 /* Products */;
			projectDirPath = "";
			projectRoot = "";
			targets = (
				E0E0463B2233EB6F002013C1 /* dog-ios */,
				E0E0464F2233EB70002013C1 /* dog-iosTests */,
			);
		};
/* End PBXProject section */

/* Begin PBXResourcesBuildPhase section */
		E0E0463A2233EB6F002013C1 /* Resources */ = {
			isa = PBXResourcesBuildPhase;
			buildActionMask = 2147483647;
			files = (
				E0E0464A2233EB70002013C1 /* LaunchScreen.storyboard in Resources */,
				E0E046472233EB70002013C1 /* Assets.xcassets in Resources */,
				E0E046452233EB6F002013C1 /* Main.storyboard in Resources */,
			);
			runOnlyForDeploymentPostprocessing = 0;
		};
		E0E0464E2233EB70002013C1 /* Resources */ = {
			isa = PBXResourcesBuildPhase;
			buildActionMask = 2147483647;
			files = (
			);
			runOnlyForDeploymentPostprocessing = 0;
		};
/* End PBXResourcesBuildPhase section */

/* Begin PBXShellScriptBuildPhase section */
		6B18E53D51E09756B8A65AF2 /* [CP] Check Pods Manifest.lock */ = {
			isa = PBXShellScriptBuildPhase;
			buildActionMask = 2147483647;
			files = (
			);
			inputFileListPaths = (
			);
			inputPaths = (
				"${PODS_PODFILE_DIR_PATH}/Podfile.lock",
				"${PODS_ROOT}/Manifest.lock",
			);
			name = "[CP] Check Pods Manifest.lock";
			outputFileListPaths = (
			);
			outputPaths = (
				"$(DERIVED_FILE_DIR)/Pods-dog-ios-checkManifestLockResult.txt",
			);
			runOnlyForDeploymentPostprocessing = 0;
			shellPath = /bin/sh;
			shellScript = "diff \"${PODS_PODFILE_DIR_PATH}/Podfile.lock\" \"${PODS_ROOT}/Manifest.lock\" > /dev/null\nif [ $? != 0 ] ; then\n    # print error to STDERR\n    echo \"error: The sandbox is not in sync with the Podfile.lock. Run 'pod install' or update your CocoaPods installation.\" >&2\n    exit 1\nfi\n# This output is used by Xcode 'outputs' to avoid re-running this script phase.\necho \"SUCCESS\" > \"${SCRIPT_OUTPUT_FILE_0}\"\n";
			showEnvVarsInLog = 0;
		};
/* End PBXShellScriptBuildPhase section */

/* Begin PBXSourcesBuildPhase section */
		E0E046382233EB6F002013C1 /* Sources */ = {
			isa = PBXSourcesBuildPhase;
			buildActionMask = 2147483647;
			files = (
				E0E046622233F209002013C1 /* Breed.swift in Sources */,
				E0E046422233EB6F002013C1 /* BreedListViewController.swift in Sources */,
				E0E046402233EB6F002013C1 /* AppDelegate.swift in Sources */,
				E0E046602233F029002013C1 /* DogService.swift in Sources */,
				E0F65742223424900067B02D /* BreedListViewModel.swift in Sources */,
			);
			runOnlyForDeploymentPostprocessing = 0;
		};
		E0E0464C2233EB70002013C1 /* Sources */ = {
			isa = PBXSourcesBuildPhase;
			buildActionMask = 2147483647;
			files = (
				E0E046552233EB70002013C1 /* dog_iosTests.swift in Sources */,
			);
			runOnlyForDeploymentPostprocessing = 0;
		};
/* End PBXSourcesBuildPhase section */

/* Begin PBXTargetDependency section */
		E0E046522233EB70002013C1 /* PBXTargetDependency */ = {
			isa = PBXTargetDependency;
			target = E0E0463B2233EB6F002013C1 /* dog-ios */;
			targetProxy = E0E046512233EB70002013C1 /* PBXContainerItemProxy */;
		};
/* End PBXTargetDependency section */

/* Begin PBXVariantGroup section */
		E0E046432233EB6F002013C1 /* Main.storyboard */ = {
			isa = PBXVariantGroup;
			children = (
				E0E046442233EB6F002013C1 /* Base */,
			);
			name = Main.storyboard;
			sourceTree = "<group>";
		};
		E0E046482233EB70002013C1 /* LaunchScreen.storyboard */ = {
			isa = PBXVariantGroup;
			children = (
				E0E046492233EB70002013C1 /* Base */,
			);
			name = LaunchScreen.storyboard;
			sourceTree = "<group>";
		};
/* End PBXVariantGroup section */

/* Begin XCBuildConfiguration section */
		E0E046572233EB70002013C1 /* Debug */ = {
			isa = XCBuildConfiguration;
			buildSettings = {
				ALWAYS_SEARCH_USER_PATHS = NO;
				CLANG_ANALYZER_NONNULL = YES;
				CLANG_ANALYZER_NUMBER_OBJECT_CONVERSION = YES_AGGRESSIVE;
				CLANG_CXX_LANGUAGE_STANDARD = "gnu++14";
				CLANG_CXX_LIBRARY = "libc++";
				CLANG_ENABLE_MODULES = YES;
				CLANG_ENABLE_OBJC_ARC = YES;
				CLANG_ENABLE_OBJC_WEAK = YES;
				CLANG_WARN_BLOCK_CAPTURE_AUTORELEASING = YES;
				CLANG_WARN_BOOL_CONVERSION = YES;
				CLANG_WARN_COMMA = YES;
				CLANG_WARN_CONSTANT_CONVERSION = YES;
				CLANG_WARN_DEPRECATED_OBJC_IMPLEMENTATIONS = YES;
				CLANG_WARN_DIRECT_OBJC_ISA_USAGE = YES_ERROR;
				CLANG_WARN_DOCUMENTATION_COMMENTS = YES;
				CLANG_WARN_EMPTY_BODY = YES;
				CLANG_WARN_ENUM_CONVERSION = YES;
				CLANG_WARN_INFINITE_RECURSION = YES;
				CLANG_WARN_INT_CONVERSION = YES;
				CLANG_WARN_NON_LITERAL_NULL_CONVERSION = YES;
				CLANG_WARN_OBJC_IMPLICIT_RETAIN_SELF = YES;
				CLANG_WARN_OBJC_LITERAL_CONVERSION = YES;
				CLANG_WARN_OBJC_ROOT_CLASS = YES_ERROR;
				CLANG_WARN_RANGE_LOOP_ANALYSIS = YES;
				CLANG_WARN_STRICT_PROTOTYPES = YES;
				CLANG_WARN_SUSPICIOUS_MOVE = YES;
				CLANG_WARN_UNGUARDED_AVAILABILITY = YES_AGGRESSIVE;
				CLANG_WARN_UNREACHABLE_CODE = YES;
				CLANG_WARN__DUPLICATE_METHOD_MATCH = YES;
				CODE_SIGN_IDENTITY = "iPhone Developer";
				COPY_PHASE_STRIP = NO;
				DEBUG_INFORMATION_FORMAT = dwarf;
				ENABLE_STRICT_OBJC_MSGSEND = YES;
				ENABLE_TESTABILITY = YES;
				GCC_C_LANGUAGE_STANDARD = gnu11;
				GCC_DYNAMIC_NO_PIC = NO;
				GCC_NO_COMMON_BLOCKS = YES;
				GCC_OPTIMIZATION_LEVEL = 0;
				GCC_PREPROCESSOR_DEFINITIONS = (
					"DEBUG=1",
					"$(inherited)",
				);
				GCC_WARN_64_TO_32_BIT_CONVERSION = YES;
				GCC_WARN_ABOUT_RETURN_TYPE = YES_ERROR;
				GCC_WARN_UNDECLARED_SELECTOR = YES;
				GCC_WARN_UNINITIALIZED_AUTOS = YES_AGGRESSIVE;
				GCC_WARN_UNUSED_FUNCTION = YES;
				GCC_WARN_UNUSED_VARIABLE = YES;
				IPHONEOS_DEPLOYMENT_TARGET = 12.1;
				MTL_ENABLE_DEBUG_INFO = INCLUDE_SOURCE;
				MTL_FAST_MATH = YES;
				ONLY_ACTIVE_ARCH = YES;
				SDKROOT = iphoneos;
				SWIFT_ACTIVE_COMPILATION_CONDITIONS = DEBUG;
				SWIFT_OPTIMIZATION_LEVEL = "-Onone";
			};
			name = Debug;
		};
		E0E046582233EB70002013C1 /* Release */ = {
			isa = XCBuildConfiguration;
			buildSettings = {
				ALWAYS_SEARCH_USER_PATHS = NO;
				CLANG_ANALYZER_NONNULL = YES;
				CLANG_ANALYZER_NUMBER_OBJECT_CONVERSION = YES_AGGRESSIVE;
				CLANG_CXX_LANGUAGE_STANDARD = "gnu++14";
				CLANG_CXX_LIBRARY = "libc++";
				CLANG_ENABLE_MODULES = YES;
				CLANG_ENABLE_OBJC_ARC = YES;
				CLANG_ENABLE_OBJC_WEAK = YES;
				CLANG_WARN_BLOCK_CAPTURE_AUTORELEASING = YES;
				CLANG_WARN_BOOL_CONVERSION = YES;
				CLANG_WARN_COMMA = YES;
				CLANG_WARN_CONSTANT_CONVERSION = YES;
				CLANG_WARN_DEPRECATED_OBJC_IMPLEMENTATIONS = YES;
				CLANG_WARN_DIRECT_OBJC_ISA_USAGE = YES_ERROR;
				CLANG_WARN_DOCUMENTATION_COMMENTS = YES;
				CLANG_WARN_EMPTY_BODY = YES;
				CLANG_WARN_ENUM_CONVERSION = YES;
				CLANG_WARN_INFINITE_RECURSION = YES;
				CLANG_WARN_INT_CONVERSION = YES;
				CLANG_WARN_NON_LITERAL_NULL_CONVERSION = YES;
				CLANG_WARN_OBJC_IMPLICIT_RETAIN_SELF = YES;
				CLANG_WARN_OBJC_LITERAL_CONVERSION = YES;
				CLANG_WARN_OBJC_ROOT_CLASS = YES_ERROR;
				CLANG_WARN_RANGE_LOOP_ANALYSIS = YES;
				CLANG_WARN_STRICT_PROTOTYPES = YES;
				CLANG_WARN_SUSPICIOUS_MOVE = YES;
				CLANG_WARN_UNGUARDED_AVAILABILITY = YES_AGGRESSIVE;
				CLANG_WARN_UNREACHABLE_CODE = YES;
				CLANG_WARN__DUPLICATE_METHOD_MATCH = YES;
				CODE_SIGN_IDENTITY = "iPhone Developer";
				COPY_PHASE_STRIP = NO;
				DEBUG_INFORMATION_FORMAT = "dwarf-with-dsym";
				ENABLE_NS_ASSERTIONS = NO;
				ENABLE_STRICT_OBJC_MSGSEND = YES;
				GCC_C_LANGUAGE_STANDARD = gnu11;
				GCC_NO_COMMON_BLOCKS = YES;
				GCC_WARN_64_TO_32_BIT_CONVERSION = YES;
				GCC_WARN_ABOUT_RETURN_TYPE = YES_ERROR;
				GCC_WARN_UNDECLARED_SELECTOR = YES;
				GCC_WARN_UNINITIALIZED_AUTOS = YES_AGGRESSIVE;
				GCC_WARN_UNUSED_FUNCTION = YES;
				GCC_WARN_UNUSED_VARIABLE = YES;
				IPHONEOS_DEPLOYMENT_TARGET = 12.1;
				MTL_ENABLE_DEBUG_INFO = NO;
				MTL_FAST_MATH = YES;
				SDKROOT = iphoneos;
				SWIFT_COMPILATION_MODE = wholemodule;
				SWIFT_OPTIMIZATION_LEVEL = "-O";
				VALIDATE_PRODUCT = YES;
			};
			name = Release;
		};
		E0E0465A2233EB70002013C1 /* Debug */ = {
			isa = XCBuildConfiguration;
			baseConfigurationReference = 2D5A64D6C85BC5E1AC6802BC /* Pods-dog-ios.debug.xcconfig */;
			buildSettings = {
				ASSETCATALOG_COMPILER_APPICON_NAME = AppIcon;
				CODE_SIGN_STYLE = Automatic;
				INFOPLIST_FILE = "dog-ios/Info.plist";
				LD_RUNPATH_SEARCH_PATHS = (
					"$(inherited)",
					"@executable_path/Frameworks",
				);
				PRODUCT_BUNDLE_IDENTIFIER = "asif.dog-ios";
				PRODUCT_NAME = "$(TARGET_NAME)";
				SWIFT_VERSION = 4.2;
				TARGETED_DEVICE_FAMILY = "1,2";
			};
			name = Debug;
		};
		E0E0465B2233EB70002013C1 /* Release */ = {
			isa = XCBuildConfiguration;
			baseConfigurationReference = 62E98EAD46297C9EFB225D85 /* Pods-dog-ios.release.xcconfig */;
			buildSettings = {
				ASSETCATALOG_COMPILER_APPICON_NAME = AppIcon;
				CODE_SIGN_STYLE = Automatic;
				INFOPLIST_FILE = "dog-ios/Info.plist";
				LD_RUNPATH_SEARCH_PATHS = (
					"$(inherited)",
					"@executable_path/Frameworks",
				);
				PRODUCT_BUNDLE_IDENTIFIER = "asif.dog-ios";
				PRODUCT_NAME = "$(TARGET_NAME)";
				SWIFT_VERSION = 4.2;
				TARGETED_DEVICE_FAMILY = "1,2";
			};
			name = Release;
		};
		E0E0465D2233EB70002013C1 /* Debug */ = {
			isa = XCBuildConfiguration;
			buildSettings = {
				ALWAYS_EMBED_SWIFT_STANDARD_LIBRARIES = YES;
				BUNDLE_LOADER = "$(TEST_HOST)";
				CODE_SIGN_STYLE = Automatic;
				INFOPLIST_FILE = "dog-iosTests/Info.plist";
				LD_RUNPATH_SEARCH_PATHS = (
					"$(inherited)",
					"@executable_path/Frameworks",
					"@loader_path/Frameworks",
				);
				PRODUCT_BUNDLE_IDENTIFIER = "asif.dog-iosTests";
				PRODUCT_NAME = "$(TARGET_NAME)";
				SWIFT_VERSION = 4.2;
				TARGETED_DEVICE_FAMILY = "1,2";
				TEST_HOST = "$(BUILT_PRODUCTS_DIR)/dog-ios.app/dog-ios";
			};
			name = Debug;
		};
		E0E0465E2233EB70002013C1 /* Release */ = {
			isa = XCBuildConfiguration;
			buildSettings = {
				ALWAYS_EMBED_SWIFT_STANDARD_LIBRARIES = YES;
				BUNDLE_LOADER = "$(TEST_HOST)";
				CODE_SIGN_STYLE = Automatic;
				INFOPLIST_FILE = "dog-iosTests/Info.plist";
				LD_RUNPATH_SEARCH_PATHS = (
					"$(inherited)",
					"@executable_path/Frameworks",
					"@loader_path/Frameworks",
				);
				PRODUCT_BUNDLE_IDENTIFIER = "asif.dog-iosTests";
				PRODUCT_NAME = "$(TARGET_NAME)";
				SWIFT_VERSION = 4.2;
				TARGETED_DEVICE_FAMILY = "1,2";
				TEST_HOST = "$(BUILT_PRODUCTS_DIR)/dog-ios.app/dog-ios";
			};
			name = Release;
		};
/* End XCBuildConfiguration section */

/* Begin XCConfigurationList section */
		E0E046372233EB6F002013C1 /* Build configuration list for PBXProject "dog-ios" */ = {
			isa = XCConfigurationList;
			buildConfigurations = (
				E0E046572233EB70002013C1 /* Debug */,
				E0E046582233EB70002013C1 /* Release */,
			);
			defaultConfigurationIsVisible = 0;
			defaultConfigurationName = Release;
		};
		E0E046592233EB70002013C1 /* Build configuration list for PBXNativeTarget "dog-ios" */ = {
			isa = XCConfigurationList;
			buildConfigurations = (
				E0E0465A2233EB70002013C1 /* Debug */,
				E0E0465B2233EB70002013C1 /* Release */,
			);
			defaultConfigurationIsVisible = 0;
			defaultConfigurationName = Release;
		};
		E0E0465C2233EB70002013C1 /* Build configuration list for PBXNativeTarget "dog-iosTests" */ = {
			isa = XCConfigurationList;
			buildConfigurations = (
				E0E0465D2233EB70002013C1 /* Debug */,
				E0E0465E2233EB70002013C1 /* Release */,
			);
			defaultConfigurationIsVisible = 0;
			defaultConfigurationName = Release;
		};
/* End XCConfigurationList section */
	};
	rootObject = E0E046342233EB6F002013C1 /* Project object */;
}
